
Microsoft Visual Studio Solution File, Format Version 12.00
# Visual Studio 15
Project("{FAE04EC0-301F-11D3-BF4B-00C04F79EFBC}") = "XamFormsSample.Android", "XamFormsSample.Android\XamFormsSample.Android.csproj", "{5BE11877-20BC-48F3-9D4E-FD3B68F0E612}"
EndProject
Project("{FAE04EC0-301F-11D3-BF4B-00C04F79EFBC}") = "XamFormsSample.iOS", "XamFormsSample.iOS\XamFormsSample.iOS.csproj", "{87A2CC63-CAA0-46AB-B4EB-DAD34FE14D48}"
EndProject
Project("{FAE04EC0-301F-11D3-BF4B-00C04F79EFBC}") = "XamFormsSample", "XamFormsSample\XamFormsSample.csproj", "{B640C57E-F3A6-4B53-BB2A-5BD3971A540D}"
EndProject
Project("{FAE04EC0-301F-11D3-BF4B-00C04F79EFBC}") = "XamFormsSample.UnitTests", "XamFormsSample.UnitTests\XamFormsSample.UnitTests.csproj", "{DBFAF310-41C3-41E9-831F-8CED93223051}"
EndProject
Global
	GlobalSection(SolutionConfigurationPlatforms) = preSolution
		Debug|Any CPU = Debug|Any CPU
		Release|Any CPU = Release|Any CPU
		Debug|iPhoneSimulator = Debug|iPhoneSimulator
		Release|iPhoneSimulator = Release|iPhoneSimulator
		Debug|iPhone = Debug|iPhone
		Release|iPhone = Release|iPhone
	EndGlobalSection
	GlobalSection(ProjectConfigurationPlatforms) = postSolution
		{5BE11877-20BC-48F3-9D4E-FD3B68F0E612}.Debug|Any CPU.ActiveCfg = Debug|Any CPU
		{5BE11877-20BC-48F3-9D4E-FD3B68F0E612}.Debug|Any CPU.Build.0 = Debug|Any CPU
		{5BE11877-20BC-48F3-9D4E-FD3B68F0E612}.Release|Any CPU.ActiveCfg = Release|Any CPU
		{5BE11877-20BC-48F3-9D4E-FD3B68F0E612}.Release|Any CPU.Build.0 = Release|Any CPU
		{5BE11877-20BC-48F3-9D4E-FD3B68F0E612}.Debug|iPhoneSimulator.ActiveCfg = Debug|Any CPU
		{5BE11877-20BC-48F3-9D4E-FD3B68F0E612}.Debug|iPhoneSimulator.Build.0 = Debug|Any CPU
		{5BE11877-20BC-48F3-9D4E-FD3B68F0E612}.Release|iPhoneSimulator.ActiveCfg = Release|Any CPU
		{5BE11877-20BC-48F3-9D4E-FD3B68F0E612}.Release|iPhoneSimulator.Build.0 = Release|Any CPU
		{5BE11877-20BC-48F3-9D4E-FD3B68F0E612}.Debug|iPhone.ActiveCfg = Debug|Any CPU
		{5BE11877-20BC-48F3-9D4E-FD3B68F0E612}.Debug|iPhone.Build.0 = Debug|Any CPU
		{5BE11877-20BC-48F3-9D4E-FD3B68F0E612}.Release|iPhone.ActiveCfg = Release|Any CPU
		{5BE11877-20BC-48F3-9D4E-FD3B68F0E612}.Release|iPhone.Build.0 = Release|Any CPU
		{87A2CC63-CAA0-46AB-B4EB-DAD34FE14D48}.Debug|Any CPU.ActiveCfg = Debug|iPhoneSimulator
		{87A2CC63-CAA0-46AB-B4EB-DAD34FE14D48}.Debug|Any CPU.Build.0 = Debug|iPhoneSimulator
		{87A2CC63-CAA0-46AB-B4EB-DAD34FE14D48}.Release|Any CPU.ActiveCfg = Release|iPhoneSimulator
		{87A2CC63-CAA0-46AB-B4EB-DAD34FE14D48}.Release|Any CPU.Build.0 = Release|iPhoneSimulator
		{87A2CC63-CAA0-46AB-B4EB-DAD34FE14D48}.Debug|iPhoneSimulator.ActiveCfg = Debug|iPhoneSimulator
		{87A2CC63-CAA0-46AB-B4EB-DAD34FE14D48}.Debug|iPhoneSimulator.Build.0 = Debug|iPhoneSimulator
		{87A2CC63-CAA0-46AB-B4EB-DAD34FE14D48}.Release|iPhoneSimulator.ActiveCfg = Release|iPhoneSimulator
		{87A2CC63-CAA0-46AB-B4EB-DAD34FE14D48}.Release|iPhoneSimulator.Build.0 = Release|iPhoneSimulator
		{87A2CC63-CAA0-46AB-B4EB-DAD34FE14D48}.Debug|iPhone.ActiveCfg = Debug|iPhone
		{87A2CC63-CAA0-46AB-B4EB-DAD34FE14D48}.Debug|iPhone.Build.0 = Debug|iPhone
		{87A2CC63-CAA0-46AB-B4EB-DAD34FE14D48}.Release|iPhone.ActiveCfg = Release|iPhone
		{87A2CC63-CAA0-46AB-B4EB-DAD34FE14D48}.Release|iPhone.Build.0 = Release|iPhone
		{B640C57E-F3A6-4B53-BB2A-5BD3971A540D}.Debug|Any CPU.ActiveCfg = Debug|Any CPU
		{B640C57E-F3A6-4B53-BB2A-5BD3971A540D}.Debug|Any CPU.Build.0 = Debug|Any CPU
		{B640C57E-F3A6-4B53-BB2A-5BD3971A540D}.Release|Any CPU.ActiveCfg = Release|Any CPU
		{B640C57E-F3A6-4B53-BB2A-5BD3971A540D}.Release|Any CPU.Build.0 = Release|Any CPU
		{B640C57E-F3A6-4B53-BB2A-5BD3971A540D}.Debug|iPhoneSimulator.ActiveCfg = Debug|Any CPU
		{B640C57E-F3A6-4B53-BB2A-5BD3971A540D}.Debug|iPhoneSimulator.Build.0 = Debug|Any CPU
		{B640C57E-F3A6-4B53-BB2A-5BD3971A540D}.Release|iPhoneSimulator.ActiveCfg = Release|Any CPU
		{B640C57E-F3A6-4B53-BB2A-5BD3971A540D}.Release|iPhoneSimulator.Build.0 = Release|Any CPU
		{B640C57E-F3A6-4B53-BB2A-5BD3971A540D}.Debug|iPhone.ActiveCfg = Debug|Any CPU
		{B640C57E-F3A6-4B53-BB2A-5BD3971A540D}.Debug|iPhone.Build.0 = Debug|Any CPU
		{B640C57E-F3A6-4B53-BB2A-5BD3971A540D}.Release|iPhone.ActiveCfg = Release|Any CPU
		{B640C57E-F3A6-4B53-BB2A-5BD3971A540D}.Release|iPhone.Build.0 = Release|Any CPU
		{DBFAF310-41C3-41E9-831F-8CED93223051}.Debug|Any CPU.ActiveCfg = Debug|Any CPU
		{DBFAF310-41C3-41E9-831F-8CED93223051}.Debug|Any CPU.Build.0 = Debug|Any CPU
		{DBFAF310-41C3-41E9-831F-8CED93223051}.Release|Any CPU.ActiveCfg = Release|Any CPU
		{DBFAF310-41C3-41E9-831F-8CED93223051}.Release|Any CPU.Build.0 = Release|Any CPU
		{DBFAF310-41C3-41E9-831F-8CED93223051}.Debug|iPhoneSimulator.ActiveCfg = Debug|Any CPU
		{DBFAF310-41C3-41E9-831F-8CED93223051}.Debug|iPhoneSimulator.Build.0 = Debug|Any CPU
		{DBFAF310-41C3-41E9-831F-8CED93223051}.Release|iPhoneSimulator.ActiveCfg = Release|Any CPU
		{DBFAF310-41C3-41E9-831F-8CED93223051}.Release|iPhoneSimulator.Build.0 = Release|Any CPU
		{DBFAF310-41C3-41E9-831F-8CED93223051}.Debug|iPhone.ActiveCfg = Debug|Any CPU
		{DBFAF310-41C3-41E9-831F-8CED93223051}.Debug|iPhone.Build.0 = Debug|Any CPU
		{DBFAF310-41C3-41E9-831F-8CED93223051}.Release|iPhone.ActiveCfg = Release|Any CPU
		{DBFAF310-41C3-41E9-831F-8CED93223051}.Release|iPhone.Build.0 = Release|Any CPU
	EndGlobalSection
EndGlobal
